
Microsoft Visual Studio Solution File, Format Version 12.00
# Visual Studio Version 16
VisualStudioVersion = 16.0.31402.337
MinimumVisualStudioVersion = 10.0.40219.1
Project("{2150E333-8FDC-42A3-9474-1A3956D46DE8}") = "Services", "Services", "{5FA56D8C-F8CD-486A-81FA-35A26498B96D}"
EndProject
Project("{2150E333-8FDC-42A3-9474-1A3956D46DE8}") = "Catalog", "Catalog", "{8124BE8B-2373-4F61-8842-9B66EAF44328}"
EndProject
Project("{9A19103F-16F7-4668-BE54-9A1E7A4F7556}") = "Catalog.API", "Services\Catalog\Catalog.API\Catalog.API.csproj", "{391FD057-D700-4D02-ACC7-678DC99FBBB3}"
EndProject
Project("{E53339B2-1760-4266-BCC7-CA923CBCF16C}") = "docker-compose", "docker-compose.dcproj", "{8834D2E4-27B0-4ADF-8334-F39EB183A0CC}"
EndProject
Project("{2150E333-8FDC-42A3-9474-1A3956D46DE8}") = "Basket", "Basket", "{83765629-B66F-4E55-B095-A93D681B78BB}"
EndProject
Project("{9A19103F-16F7-4668-BE54-9A1E7A4F7556}") = "Basket.API", "Services\Basket\Basket.API\Basket.API.csproj", "{97C4172D-2B01-42E1-A93D-ACF5DECC927B}"
EndProject
Project("{2150E333-8FDC-42A3-9474-1A3956D46DE8}") = "Discount", "Discount", "{632B4695-D1E9-4933-A640-05D05F7E705E}"
EndProject
Project("{9A19103F-16F7-4668-BE54-9A1E7A4F7556}") = "Discount.API", "Services\Discount\Discount.API\Discount.API.csproj", "{2DD54781-C1FC-4B22-8708-FFDE586A13D3}"
EndProject
Project("{9A19103F-16F7-4668-BE54-9A1E7A4F7556}") = "Discount.Grpc", "Services\Discount\Discount.Grpc\Discount.Grpc.csproj", "{367E203C-8545-43FE-9960-C7B7FAB0C5C1}"
EndProject
Project("{2150E333-8FDC-42A3-9474-1A3956D46DE8}") = "Ordering", "Ordering", "{7844D62B-2D45-4ABD-888B-DA94F3F9A8D1}"
EndProject
Project("{9A19103F-16F7-4668-BE54-9A1E7A4F7556}") = "Ordering.API", "Services\Ordering\Ordering.API\Ordering.API.csproj", "{CEDA80B8-092F-4EDE-A9D2-5A996358D353}"
EndProject
Project("{9A19103F-16F7-4668-BE54-9A1E7A4F7556}") = "Ordering.Domain", "Services\Ordering\Ordering.Domain\Ordering.Domain.csproj", "{783CDEAB-87C8-4092-BC60-E9B5215EEBB2}"
EndProject
Project("{9A19103F-16F7-4668-BE54-9A1E7A4F7556}") = "Ordering.Application", "Services\Ordering\Ordering.Application\Ordering.Application.csproj", "{73C33F4B-69D5-4972-AA8F-34BB53020F1E}"
EndProject
Project("{9A19103F-16F7-4668-BE54-9A1E7A4F7556}") = "Ordering.Infrastructure", "Services\Ordering\Ordering.Infrastructure\Ordering.Infrastructure.csproj", "{9FCFD0E8-CEC0-49F7-9B04-71122039DDEF}"
EndProject
Project("{2150E333-8FDC-42A3-9474-1A3956D46DE8}") = "BuildingBlocks", "BuildingBlocks", "{3E819B9A-1C38-494A-BB5B-8D4E2F1C92C4}"
EndProject
Project("{9A19103F-16F7-4668-BE54-9A1E7A4F7556}") = "EventBus.Messages", "BuildingBlocks\EventBus.Messages\EventBus.Messages.csproj", "{E8975172-3423-4FD4-A655-7FE4C8CD8447}"
EndProject
Project("{2150E333-8FDC-42A3-9474-1A3956D46DE8}") = "ApiGateways", "ApiGateways", "{3B01D9C2-A1E0-4D70-A188-6BBF67BDD5A7}"
EndProject
Project("{FAE04EC0-301F-11D3-BF4B-00C04F79EFBC}") = "OcelotApiGw", "ApiGateways\OcelotApiGw\OcelotApiGw.csproj", "{9B4A8DB0-BBBC-44C3-929C-2D8A2D34B841}"
EndProject
Project("{FAE04EC0-301F-11D3-BF4B-00C04F79EFBC}") = "Shopping.Aggregator", "ApiGateways\Shopping.Aggregator\Shopping.Aggregator.csproj", "{C92A37E0-72D0-4E3A-A730-ED0472465379}"
EndProject
Project("{2150E333-8FDC-42A3-9474-1A3956D46DE8}") = "WebApps", "WebApps", "{5349F15D-FE3B-4721-9145-44E5B69BC7AC}"
EndProject
Project("{9A19103F-16F7-4668-BE54-9A1E7A4F7556}") = "AspnetRunBasics", "WebApps\AspnetRunBasics\AspnetRunBasics.csproj", "{ACF358BA-FEF3-48AD-A547-5750CF3CE326}"
EndProject
Global
	GlobalSection(SolutionConfigurationPlatforms) = preSolution
		Debug|Any CPU = Debug|Any CPU
		Release|Any CPU = Release|Any CPU
	EndGlobalSection
	GlobalSection(ProjectConfigurationPlatforms) = postSolution
		{391FD057-D700-4D02-ACC7-678DC99FBBB3}.Debug|Any CPU.ActiveCfg = Debug|Any CPU
		{391FD057-D700-4D02-ACC7-678DC99FBBB3}.Debug|Any CPU.Build.0 = Debug|Any CPU
		{391FD057-D700-4D02-ACC7-678DC99FBBB3}.Release|Any CPU.ActiveCfg = Release|Any CPU
		{391FD057-D700-4D02-ACC7-678DC99FBBB3}.Release|Any CPU.Build.0 = Release|Any CPU
		{8834D2E4-27B0-4ADF-8334-F39EB183A0CC}.Debug|Any CPU.ActiveCfg = Debug|Any CPU
		{8834D2E4-27B0-4ADF-8334-F39EB183A0CC}.Debug|Any CPU.Build.0 = Debug|Any CPU
		{8834D2E4-27B0-4ADF-8334-F39EB183A0CC}.Release|Any CPU.ActiveCfg = Release|Any CPU
		{8834D2E4-27B0-4ADF-8334-F39EB183A0CC}.Release|Any CPU.Build.0 = Release|Any CPU
		{97C4172D-2B01-42E1-A93D-ACF5DECC927B}.Debug|Any CPU.ActiveCfg = Debug|Any CPU
		{97C4172D-2B01-42E1-A93D-ACF5DECC927B}.Debug|Any CPU.Build.0 = Debug|Any CPU
		{97C4172D-2B01-42E1-A93D-ACF5DECC927B}.Release|Any CPU.ActiveCfg = Release|Any CPU
		{97C4172D-2B01-42E1-A93D-ACF5DECC927B}.Release|Any CPU.Build.0 = Release|Any CPU
		{2DD54781-C1FC-4B22-8708-FFDE586A13D3}.Debug|Any CPU.ActiveCfg = Debug|Any CPU
		{2DD54781-C1FC-4B22-8708-FFDE586A13D3}.Debug|Any CPU.Build.0 = Debug|Any CPU
		{2DD54781-C1FC-4B22-8708-FFDE586A13D3}.Release|Any CPU.ActiveCfg = Release|Any CPU
		{2DD54781-C1FC-4B22-8708-FFDE586A13D3}.Release|Any CPU.Build.0 = Release|Any CPU
		{367E203C-8545-43FE-9960-C7B7FAB0C5C1}.Debug|Any CPU.ActiveCfg = Debug|Any CPU
		{367E203C-8545-43FE-9960-C7B7FAB0C5C1}.Debug|Any CPU.Build.0 = Debug|Any CPU
		{367E203C-8545-43FE-9960-C7B7FAB0C5C1}.Release|Any CPU.ActiveCfg = Release|Any CPU
		{367E203C-8545-43FE-9960-C7B7FAB0C5C1}.Release|Any CPU.Build.0 = Release|Any CPU
		{CEDA80B8-092F-4EDE-A9D2-5A996358D353}.Debug|Any CPU.ActiveCfg = Debug|Any CPU
		{CEDA80B8-092F-4EDE-A9D2-5A996358D353}.Debug|Any CPU.Build.0 = Debug|Any CPU
		{CEDA80B8-092F-4EDE-A9D2-5A996358D353}.Release|Any CPU.ActiveCfg = Release|Any CPU
		{CEDA80B8-092F-4EDE-A9D2-5A996358D353}.Release|Any CPU.Build.0 = Release|Any CPU
		{783CDEAB-87C8-4092-BC60-E9B5215EEBB2}.Debug|Any CPU.ActiveCfg = Debug|Any CPU
		{783CDEAB-87C8-4092-BC60-E9B5215EEBB2}.Debug|Any CPU.Build.0 = Debug|Any CPU
		{783CDEAB-87C8-4092-BC60-E9B5215EEBB2}.Release|Any CPU.ActiveCfg = Release|Any CPU
		{783CDEAB-87C8-4092-BC60-E9B5215EEBB2}.Release|Any CPU.Build.0 = Release|Any CPU
		{73C33F4B-69D5-4972-AA8F-34BB53020F1E}.Debug|Any CPU.ActiveCfg = Debug|Any CPU
		{73C33F4B-69D5-4972-AA8F-34BB53020F1E}.Debug|Any CPU.Build.0 = Debug|Any CPU
		{73C33F4B-69D5-4972-AA8F-34BB53020F1E}.Release|Any CPU.ActiveCfg = Release|Any CPU
		{73C33F4B-69D5-4972-AA8F-34BB53020F1E}.Release|Any CPU.Build.0 = Release|Any CPU
		{9FCFD0E8-CEC0-49F7-9B04-71122039DDEF}.Debug|Any CPU.ActiveCfg = Debug|Any CPU
		{9FCFD0E8-CEC0-49F7-9B04-71122039DDEF}.Debug|Any CPU.Build.0 = Debug|Any CPU
		{9FCFD0E8-CEC0-49F7-9B04-71122039DDEF}.Release|Any CPU.ActiveCfg = Release|Any CPU
		{9FCFD0E8-CEC0-49F7-9B04-71122039DDEF}.Release|Any CPU.Build.0 = Release|Any CPU
		{E8975172-3423-4FD4-A655-7FE4C8CD8447}.Debug|Any CPU.ActiveCfg = Debug|Any CPU
		{E8975172-3423-4FD4-A655-7FE4C8CD8447}.Debug|Any CPU.Build.0 = Debug|Any CPU
		{E8975172-3423-4FD4-A655-7FE4C8CD8447}.Release|Any CPU.ActiveCfg = Release|Any CPU
		{E8975172-3423-4FD4-A655-7FE4C8CD8447}.Release|Any CPU.Build.0 = Release|Any CPU
		{9B4A8DB0-BBBC-44C3-929C-2D8A2D34B841}.Debug|Any CPU.ActiveCfg = Debug|Any CPU
		{9B4A8DB0-BBBC-44C3-929C-2D8A2D34B841}.Debug|Any CPU.Build.0 = Debug|Any CPU
		{9B4A8DB0-BBBC-44C3-929C-2D8A2D34B841}.Release|Any CPU.ActiveCfg = Release|Any CPU
		{9B4A8DB0-BBBC-44C3-929C-2D8A2D34B841}.Release|Any CPU.Build.0 = Release|Any CPU
		{C92A37E0-72D0-4E3A-A730-ED0472465379}.Debug|Any CPU.ActiveCfg = Debug|Any CPU
		{C92A37E0-72D0-4E3A-A730-ED0472465379}.Debug|Any CPU.Build.0 = Debug|Any CPU
		{C92A37E0-72D0-4E3A-A730-ED0472465379}.Release|Any CPU.ActiveCfg = Release|Any CPU
		{C92A37E0-72D0-4E3A-A730-ED0472465379}.Release|Any CPU.Build.0 = Release|Any CPU
		{ACF358BA-FEF3-48AD-A547-5750CF3CE326}.Debug|Any CPU.ActiveCfg = Debug|Any CPU
		{ACF358BA-FEF3-48AD-A547-5750CF3CE326}.Debug|Any CPU.Build.0 = Debug|Any CPU
		{ACF358BA-FEF3-48AD-A547-5750CF3CE326}.Release|Any CPU.ActiveCfg = Release|Any CPU
		{ACF358BA-FEF3-48AD-A547-5750CF3CE326}.Release|Any CPU.Build.0 = Release|Any CPU
	EndGlobalSection
	GlobalSection(SolutionProperties) = preSolution
		HideSolutionNode = FALSE
	EndGlobalSection
	GlobalSection(NestedProjects) = preSolution
		{8124BE8B-2373-4F61-8842-9B66EAF44328} = {5FA56D8C-F8CD-486A-81FA-35A26498B96D}
		{391FD057-D700-4D02-ACC7-678DC99FBBB3} = {8124BE8B-2373-4F61-8842-9B66EAF44328}
		{83765629-B66F-4E55-B095-A93D681B78BB} = {5FA56D8C-F8CD-486A-81FA-35A26498B96D}
		{97C4172D-2B01-42E1-A93D-ACF5DECC927B} = {83765629-B66F-4E55-B095-A93D681B78BB}
		{632B4695-D1E9-4933-A640-05D05F7E705E} = {5FA56D8C-F8CD-486A-81FA-35A26498B96D}
		{2DD54781-C1FC-4B22-8708-FFDE586A13D3} = {632B4695-D1E9-4933-A640-05D05F7E705E}
		{367E203C-8545-43FE-9960-C7B7FAB0C5C1} = {632B4695-D1E9-4933-A640-05D05F7E705E}
		{7844D62B-2D45-4ABD-888B-DA94F3F9A8D1} = {5FA56D8C-F8CD-486A-81FA-35A26498B96D}
		{CEDA80B8-092F-4EDE-A9D2-5A996358D353} = {7844D62B-2D45-4ABD-888B-DA94F3F9A8D1}
		{783CDEAB-87C8-4092-BC60-E9B5215EEBB2} = {7844D62B-2D45-4ABD-888B-DA94F3F9A8D1}
		{73C33F4B-69D5-4972-AA8F-34BB53020F1E} = {7844D62B-2D45-4ABD-888B-DA94F3F9A8D1}
		{9FCFD0E8-CEC0-49F7-9B04-71122039DDEF} = {7844D62B-2D45-4ABD-888B-DA94F3F9A8D1}
		{E8975172-3423-4FD4-A655-7FE4C8CD8447} = {3E819B9A-1C38-494A-BB5B-8D4E2F1C92C4}
		{9B4A8DB0-BBBC-44C3-929C-2D8A2D34B841} = {3B01D9C2-A1E0-4D70-A188-6BBF67BDD5A7}
		{C92A37E0-72D0-4E3A-A730-ED0472465379} = {3B01D9C2-A1E0-4D70-A188-6BBF67BDD5A7}
		{ACF358BA-FEF3-48AD-A547-5750CF3CE326} = {5349F15D-FE3B-4721-9145-44E5B69BC7AC}
	EndGlobalSection
	GlobalSection(ExtensibilityGlobals) = postSolution
		SolutionGuid = {04DEA6C6-2B59-4FD6-8C2E-54D3E1C3477D}
	EndGlobalSection
EndGlobal
